// !$*UTF8*$!
{
	archiveVersion = 1;
	classes = {
	};
	objectVersion = 46;
	objects = {

/* Begin PBXBuildFile section */
		0B383F12555EC41930EB2BF7 /* Pods_BrewsUITests.framework in Frameworks */ = {isa = PBXBuildFile; fileRef = 81795C6F4C5171AF8D4B1B0B /* Pods_BrewsUITests.framework */; };
		1CBC98486FC70B35F8260CAF /* Pods_Brews.framework in Frameworks */ = {isa = PBXBuildFile; fileRef = 18CC4DAC1E49C7D2C57AD923 /* Pods_Brews.framework */; };
		92219B8F1ED9D12F001C3AC1 /* SearchViewController.swift in Sources */ = {isa = PBXBuildFile; fileRef = 92219B8E1ED9D12F001C3AC1 /* SearchViewController.swift */; };
		92219B911ED9D16C001C3AC1 /* FavoritesViewController.swift in Sources */ = {isa = PBXBuildFile; fileRef = 92219B901ED9D16C001C3AC1 /* FavoritesViewController.swift */; };
		92219B931ED9D1AC001C3AC1 /* RandomBeerViewController.swift in Sources */ = {isa = PBXBuildFile; fileRef = 92219B921ED9D1AC001C3AC1 /* RandomBeerViewController.swift */; };
		92219B971ED9DDEB001C3AC1 /* BreweryDBClient.swift in Sources */ = {isa = PBXBuildFile; fileRef = 92219B961ED9DDEB001C3AC1 /* BreweryDBClient.swift */; };
		922672301ED51E0100E404E9 /* NavigationController.swift in Sources */ = {isa = PBXBuildFile; fileRef = 9226722F1ED51E0100E404E9 /* NavigationController.swift */; };
		92A024731EC8B71500BD3404 /* LoginInViews.swift in Sources */ = {isa = PBXBuildFile; fileRef = 92A024721EC8B71500BD3404 /* LoginInViews.swift */; };
		92A024C21ECAA44700BD3404 /* GoogleService-Info.plist in Resources */ = {isa = PBXBuildFile; fileRef = 92A024C11ECAA44700BD3404 /* GoogleService-Info.plist */; };
		92A024C41ECE876C00BD3404 /* TabBarViewController.swift in Sources */ = {isa = PBXBuildFile; fileRef = 92A024C31ECE876C00BD3404 /* TabBarViewController.swift */; };
		92C60C771EC7B33400A3479C /* AppDelegate.swift in Sources */ = {isa = PBXBuildFile; fileRef = 92C60C761EC7B33400A3479C /* AppDelegate.swift */; };
		92C60C791EC7B33400A3479C /* LogInViewController.swift in Sources */ = {isa = PBXBuildFile; fileRef = 92C60C781EC7B33400A3479C /* LogInViewController.swift */; };
		92C60C7C1EC7B33400A3479C /* Main.storyboard in Resources */ = {isa = PBXBuildFile; fileRef = 92C60C7A1EC7B33400A3479C /* Main.storyboard */; };
		92C60C7E1EC7B33400A3479C /* Assets.xcassets in Resources */ = {isa = PBXBuildFile; fileRef = 92C60C7D1EC7B33400A3479C /* Assets.xcassets */; };
		92C60C811EC7B33400A3479C /* LaunchScreen.storyboard in Resources */ = {isa = PBXBuildFile; fileRef = 92C60C7F1EC7B33400A3479C /* LaunchScreen.storyboard */; };
		92C60C8C1EC7B33400A3479C /* BrewsTests.swift in Sources */ = {isa = PBXBuildFile; fileRef = 92C60C8B1EC7B33400A3479C /* BrewsTests.swift */; };
		92C60C971EC7B33400A3479C /* BrewsUITests.swift in Sources */ = {isa = PBXBuildFile; fileRef = 92C60C961EC7B33400A3479C /* BrewsUITests.swift */; };
		92C60CA51EC7BA2C00A3479C /* FBSDKLoginKit.framework in Frameworks */ = {isa = PBXBuildFile; fileRef = 92C60CA41EC7BA2C00A3479C /* FBSDKLoginKit.framework */; };
		92C60CA71EC7BE7200A3479C /* FBSDKCoreKit.framework in Frameworks */ = {isa = PBXBuildFile; fileRef = 92C60CA61EC7BE7200A3479C /* FBSDKCoreKit.framework */; };
		92C60CA91EC7C11C00A3479C /* Bolts.framework in Frameworks */ = {isa = PBXBuildFile; fileRef = 92C60CA81EC7C11C00A3479C /* Bolts.framework */; };
		D3AC5A8EAF89E4769DD22274 /* Pods_BrewsTests.framework in Frameworks */ = {isa = PBXBuildFile; fileRef = BD0B8F0BC4086FBB7FE08281 /* Pods_BrewsTests.framework */; };
/* End PBXBuildFile section */

/* Begin PBXContainerItemProxy section */
		92C60C881EC7B33400A3479C /* PBXContainerItemProxy */ = {
			isa = PBXContainerItemProxy;
			containerPortal = 92C60C6B1EC7B33300A3479C /* Project object */;
			proxyType = 1;
			remoteGlobalIDString = 92C60C721EC7B33300A3479C;
			remoteInfo = Brews;
		};
		92C60C931EC7B33400A3479C /* PBXContainerItemProxy */ = {
			isa = PBXContainerItemProxy;
			containerPortal = 92C60C6B1EC7B33300A3479C /* Project object */;
			proxyType = 1;
			remoteGlobalIDString = 92C60C721EC7B33300A3479C;
			remoteInfo = Brews;
		};
/* End PBXContainerItemProxy section */

/* Begin PBXFileReference section */
		18CC4DAC1E49C7D2C57AD923 /* Pods_Brews.framework */ = {isa = PBXFileReference; explicitFileType = wrapper.framework; includeInIndex = 0; path = Pods_Brews.framework; sourceTree = BUILT_PRODUCTS_DIR; };
		81795C6F4C5171AF8D4B1B0B /* Pods_BrewsUITests.framework */ = {isa = PBXFileReference; explicitFileType = wrapper.framework; includeInIndex = 0; path = Pods_BrewsUITests.framework; sourceTree = BUILT_PRODUCTS_DIR; };
		8A143BABF8779AE2CEA338D2 /* Pods-Brews.debug.xcconfig */ = {isa = PBXFileReference; includeInIndex = 1; lastKnownFileType = text.xcconfig; name = "Pods-Brews.debug.xcconfig"; path = "Pods/Target Support Files/Pods-Brews/Pods-Brews.debug.xcconfig"; sourceTree = "<group>"; };
		8D15A0249867D439B9C949EC /* Pods-BrewsUITests.debug.xcconfig */ = {isa = PBXFileReference; includeInIndex = 1; lastKnownFileType = text.xcconfig; name = "Pods-BrewsUITests.debug.xcconfig"; path = "Pods/Target Support Files/Pods-BrewsUITests/Pods-BrewsUITests.debug.xcconfig"; sourceTree = "<group>"; };
		92219B8E1ED9D12F001C3AC1 /* SearchViewController.swift */ = {isa = PBXFileReference; fileEncoding = 4; lastKnownFileType = sourcecode.swift; path = SearchViewController.swift; sourceTree = "<group>"; };
		92219B901ED9D16C001C3AC1 /* FavoritesViewController.swift */ = {isa = PBXFileReference; fileEncoding = 4; lastKnownFileType = sourcecode.swift; path = FavoritesViewController.swift; sourceTree = "<group>"; };
		92219B921ED9D1AC001C3AC1 /* RandomBeerViewController.swift */ = {isa = PBXFileReference; fileEncoding = 4; lastKnownFileType = sourcecode.swift; path = RandomBeerViewController.swift; sourceTree = "<group>"; };
		92219B961ED9DDEB001C3AC1 /* BreweryDBClient.swift */ = {isa = PBXFileReference; fileEncoding = 4; lastKnownFileType = sourcecode.swift; path = BreweryDBClient.swift; sourceTree = "<group>"; };
		9226722F1ED51E0100E404E9 /* NavigationController.swift */ = {isa = PBXFileReference; fileEncoding = 4; lastKnownFileType = sourcecode.swift; path = NavigationController.swift; sourceTree = "<group>"; };
		92A024701EC7C40D00BD3404 /* Brews.entitlements */ = {isa = PBXFileReference; lastKnownFileType = text.plist.entitlements; path = Brews.entitlements; sourceTree = "<group>"; };
		92A024721EC8B71500BD3404 /* LoginInViews.swift */ = {isa = PBXFileReference; fileEncoding = 4; lastKnownFileType = sourcecode.swift; path = LoginInViews.swift; sourceTree = "<group>"; };
		92A024761EC8C23400BD3404 /* Brews-Bridging-Header.h */ = {isa = PBXFileReference; lastKnownFileType = sourcecode.c.h; path = "Brews-Bridging-Header.h"; sourceTree = SOURCE_ROOT; };
		92A024C11ECAA44700BD3404 /* GoogleService-Info.plist */ = {isa = PBXFileReference; fileEncoding = 4; lastKnownFileType = text.plist.xml; path = "GoogleService-Info.plist"; sourceTree = "<group>"; };
		92A024C31ECE876C00BD3404 /* TabBarViewController.swift */ = {isa = PBXFileReference; fileEncoding = 4; lastKnownFileType = sourcecode.swift; path = TabBarViewController.swift; sourceTree = "<group>"; };
		92C60C731EC7B33400A3479C /* Brews.app */ = {isa = PBXFileReference; explicitFileType = wrapper.application; includeInIndex = 0; path = Brews.app; sourceTree = BUILT_PRODUCTS_DIR; };
		92C60C761EC7B33400A3479C /* AppDelegate.swift */ = {isa = PBXFileReference; lastKnownFileType = sourcecode.swift; path = AppDelegate.swift; sourceTree = "<group>"; };
		92C60C781EC7B33400A3479C /* LogInViewController.swift */ = {isa = PBXFileReference; lastKnownFileType = sourcecode.swift; path = LogInViewController.swift; sourceTree = "<group>"; };
		92C60C7B1EC7B33400A3479C /* Base */ = {isa = PBXFileReference; lastKnownFileType = file.storyboard; name = Base; path = Base.lproj/Main.storyboard; sourceTree = "<group>"; };
		92C60C7D1EC7B33400A3479C /* Assets.xcassets */ = {isa = PBXFileReference; lastKnownFileType = folder.assetcatalog; path = Assets.xcassets; sourceTree = "<group>"; };
		92C60C801EC7B33400A3479C /* Base */ = {isa = PBXFileReference; lastKnownFileType = file.storyboard; name = Base; path = Base.lproj/LaunchScreen.storyboard; sourceTree = "<group>"; };
		92C60C821EC7B33400A3479C /* Info.plist */ = {isa = PBXFileReference; lastKnownFileType = text.plist.xml; path = Info.plist; sourceTree = "<group>"; };
		92C60C871EC7B33400A3479C /* BrewsTests.xctest */ = {isa = PBXFileReference; explicitFileType = wrapper.cfbundle; includeInIndex = 0; path = BrewsTests.xctest; sourceTree = BUILT_PRODUCTS_DIR; };
		92C60C8B1EC7B33400A3479C /* BrewsTests.swift */ = {isa = PBXFileReference; lastKnownFileType = sourcecode.swift; path = BrewsTests.swift; sourceTree = "<group>"; };
		92C60C8D1EC7B33400A3479C /* Info.plist */ = {isa = PBXFileReference; lastKnownFileType = text.plist.xml; path = Info.plist; sourceTree = "<group>"; };
		92C60C921EC7B33400A3479C /* BrewsUITests.xctest */ = {isa = PBXFileReference; explicitFileType = wrapper.cfbundle; includeInIndex = 0; path = BrewsUITests.xctest; sourceTree = BUILT_PRODUCTS_DIR; };
		92C60C961EC7B33400A3479C /* BrewsUITests.swift */ = {isa = PBXFileReference; lastKnownFileType = sourcecode.swift; path = BrewsUITests.swift; sourceTree = "<group>"; };
		92C60C981EC7B33400A3479C /* Info.plist */ = {isa = PBXFileReference; lastKnownFileType = text.plist.xml; path = Info.plist; sourceTree = "<group>"; };
		92C60CA41EC7BA2C00A3479C /* FBSDKLoginKit.framework */ = {isa = PBXFileReference; lastKnownFileType = wrapper.framework; path = FBSDKLoginKit.framework; sourceTree = "<group>"; };
		92C60CA61EC7BE7200A3479C /* FBSDKCoreKit.framework */ = {isa = PBXFileReference; lastKnownFileType = wrapper.framework; path = FBSDKCoreKit.framework; sourceTree = "<group>"; };
		92C60CA81EC7C11C00A3479C /* Bolts.framework */ = {isa = PBXFileReference; lastKnownFileType = wrapper.framework; path = Bolts.framework; sourceTree = "<group>"; };
		A16C28761443C897AA8F6B95 /* Pods-BrewsTests.debug.xcconfig */ = {isa = PBXFileReference; includeInIndex = 1; lastKnownFileType = text.xcconfig; name = "Pods-BrewsTests.debug.xcconfig"; path = "Pods/Target Support Files/Pods-BrewsTests/Pods-BrewsTests.debug.xcconfig"; sourceTree = "<group>"; };
		BD0B8F0BC4086FBB7FE08281 /* Pods_BrewsTests.framework */ = {isa = PBXFileReference; explicitFileType = wrapper.framework; includeInIndex = 0; path = Pods_BrewsTests.framework; sourceTree = BUILT_PRODUCTS_DIR; };
		D0874D30CC0EED2B7C7BF466 /* Pods-BrewsUITests.release.xcconfig */ = {isa = PBXFileReference; includeInIndex = 1; lastKnownFileType = text.xcconfig; name = "Pods-BrewsUITests.release.xcconfig"; path = "Pods/Target Support Files/Pods-BrewsUITests/Pods-BrewsUITests.release.xcconfig"; sourceTree = "<group>"; };
		E4595CA063544C07EA79406A /* Pods-Brews.release.xcconfig */ = {isa = PBXFileReference; includeInIndex = 1; lastKnownFileType = text.xcconfig; name = "Pods-Brews.release.xcconfig"; path = "Pods/Target Support Files/Pods-Brews/Pods-Brews.release.xcconfig"; sourceTree = "<group>"; };
		E75F0FF5D31C8B0838596A34 /* Pods-BrewsTests.release.xcconfig */ = {isa = PBXFileReference; includeInIndex = 1; lastKnownFileType = text.xcconfig; name = "Pods-BrewsTests.release.xcconfig"; path = "Pods/Target Support Files/Pods-BrewsTests/Pods-BrewsTests.release.xcconfig"; sourceTree = "<group>"; };
/* End PBXFileReference section */

/* Begin PBXFrameworksBuildPhase section */
		92C60C701EC7B33300A3479C /* Frameworks */ = {
			isa = PBXFrameworksBuildPhase;
			buildActionMask = 2147483647;
			files = (
				92C60CA91EC7C11C00A3479C /* Bolts.framework in Frameworks */,
				92C60CA51EC7BA2C00A3479C /* FBSDKLoginKit.framework in Frameworks */,
				92C60CA71EC7BE7200A3479C /* FBSDKCoreKit.framework in Frameworks */,
				1CBC98486FC70B35F8260CAF /* Pods_Brews.framework in Frameworks */,
			);
			runOnlyForDeploymentPostprocessing = 0;
		};
		92C60C841EC7B33400A3479C /* Frameworks */ = {
			isa = PBXFrameworksBuildPhase;
			buildActionMask = 2147483647;
			files = (
				D3AC5A8EAF89E4769DD22274 /* Pods_BrewsTests.framework in Frameworks */,
			);
			runOnlyForDeploymentPostprocessing = 0;
		};
		92C60C8F1EC7B33400A3479C /* Frameworks */ = {
			isa = PBXFrameworksBuildPhase;
			buildActionMask = 2147483647;
			files = (
				0B383F12555EC41930EB2BF7 /* Pods_BrewsUITests.framework in Frameworks */,
			);
			runOnlyForDeploymentPostprocessing = 0;
		};
/* End PBXFrameworksBuildPhase section */

/* Begin PBXGroup section */
		46250218EB5F217C6925AC09 /* Frameworks */ = {
			isa = PBXGroup;
			children = (
				18CC4DAC1E49C7D2C57AD923 /* Pods_Brews.framework */,
				BD0B8F0BC4086FBB7FE08281 /* Pods_BrewsTests.framework */,
				81795C6F4C5171AF8D4B1B0B /* Pods_BrewsUITests.framework */,
			);
			name = Frameworks;
			sourceTree = "<group>";
		};
		92219B8D1ED9D10C001C3AC1 /* ViewControllers */ = {
			isa = PBXGroup;
			children = (
				92C60C781EC7B33400A3479C /* LogInViewController.swift */,
				9226722F1ED51E0100E404E9 /* NavigationController.swift */,
				92A024C31ECE876C00BD3404 /* TabBarViewController.swift */,
				92219B8E1ED9D12F001C3AC1 /* SearchViewController.swift */,
				92219B901ED9D16C001C3AC1 /* FavoritesViewController.swift */,
				92219B921ED9D1AC001C3AC1 /* RandomBeerViewController.swift */,
			);
			name = ViewControllers;
			sourceTree = "<group>";
		};
		92219B941ED9D1D0001C3AC1 /* HelperFiles */ = {
			isa = PBXGroup;
			children = (
				92A024761EC8C23400BD3404 /* Brews-Bridging-Header.h */,
				92A024701EC7C40D00BD3404 /* Brews.entitlements */,
				92C60C821EC7B33400A3479C /* Info.plist */,
				92A024C11ECAA44700BD3404 /* GoogleService-Info.plist */,
				92C60C7F1EC7B33400A3479C /* LaunchScreen.storyboard */,
				92C60C7D1EC7B33400A3479C /* Assets.xcassets */,
				92C60C7A1EC7B33400A3479C /* Main.storyboard */,
			);
			name = HelperFiles;
			sourceTree = "<group>";
		};
		92219B951ED9D5ED001C3AC1 /* Client */ = {
			isa = PBXGroup;
			children = (
				92219B961ED9DDEB001C3AC1 /* BreweryDBClient.swift */,
			);
			name = Client;
			sourceTree = "<group>";
		};
		92A024711EC8B6E500BD3404 /* Views */ = {
			isa = PBXGroup;
			children = (
				92A024721EC8B71500BD3404 /* LoginInViews.swift */,
			);
			name = Views;
			sourceTree = "<group>";
		};
		92C60C6A1EC7B33300A3479C = {
			isa = PBXGroup;
			children = (
				92C60C751EC7B33400A3479C /* Brews */,
				92C60C8A1EC7B33400A3479C /* BrewsTests */,
				92C60C951EC7B33400A3479C /* BrewsUITests */,
				92C60C741EC7B33400A3479C /* Products */,
				DF9A4D6687C279F341913193 /* Pods */,
				46250218EB5F217C6925AC09 /* Frameworks */,
			);
			sourceTree = "<group>";
		};
		92C60C741EC7B33400A3479C /* Products */ = {
			isa = PBXGroup;
			children = (
				92C60C731EC7B33400A3479C /* Brews.app */,
				92C60C871EC7B33400A3479C /* BrewsTests.xctest */,
				92C60C921EC7B33400A3479C /* BrewsUITests.xctest */,
			);
			name = Products;
			sourceTree = "<group>";
		};
		92C60C751EC7B33400A3479C /* Brews */ = {
			isa = PBXGroup;
			children = (
				92C60C761EC7B33400A3479C /* AppDelegate.swift */,
				92219B951ED9D5ED001C3AC1 /* Client */,
				92219B941ED9D1D0001C3AC1 /* HelperFiles */,
				92219B8D1ED9D10C001C3AC1 /* ViewControllers */,
				92A024711EC8B6E500BD3404 /* Views */,
				92C60CA81EC7C11C00A3479C /* Bolts.framework */,
				92C60CA61EC7BE7200A3479C /* FBSDKCoreKit.framework */,
				92C60CA41EC7BA2C00A3479C /* FBSDKLoginKit.framework */,
			);
			path = Brews;
			sourceTree = "<group>";
		};
		92C60C8A1EC7B33400A3479C /* BrewsTests */ = {
			isa = PBXGroup;
			children = (
				92C60C8B1EC7B33400A3479C /* BrewsTests.swift */,
				92C60C8D1EC7B33400A3479C /* Info.plist */,
			);
			path = BrewsTests;
			sourceTree = "<group>";
		};
		92C60C951EC7B33400A3479C /* BrewsUITests */ = {
			isa = PBXGroup;
			children = (
				92C60C961EC7B33400A3479C /* BrewsUITests.swift */,
				92C60C981EC7B33400A3479C /* Info.plist */,
			);
			path = BrewsUITests;
			sourceTree = "<group>";
		};
		DF9A4D6687C279F341913193 /* Pods */ = {
			isa = PBXGroup;
			children = (
				8A143BABF8779AE2CEA338D2 /* Pods-Brews.debug.xcconfig */,
				E4595CA063544C07EA79406A /* Pods-Brews.release.xcconfig */,
				A16C28761443C897AA8F6B95 /* Pods-BrewsTests.debug.xcconfig */,
				E75F0FF5D31C8B0838596A34 /* Pods-BrewsTests.release.xcconfig */,
				8D15A0249867D439B9C949EC /* Pods-BrewsUITests.debug.xcconfig */,
				D0874D30CC0EED2B7C7BF466 /* Pods-BrewsUITests.release.xcconfig */,
			);
			name = Pods;
			sourceTree = "<group>";
		};
/* End PBXGroup section */

/* Begin PBXNativeTarget section */
		92C60C721EC7B33300A3479C /* Brews */ = {
			isa = PBXNativeTarget;
			buildConfigurationList = 92C60C9B1EC7B33400A3479C /* Build configuration list for PBXNativeTarget "Brews" */;
			buildPhases = (
				1EE2B1BC31040DEB9C8FEB4A /* [CP] Check Pods Manifest.lock */,
				92C60C6F1EC7B33300A3479C /* Sources */,
				92C60C701EC7B33300A3479C /* Frameworks */,
				92C60C711EC7B33300A3479C /* Resources */,
				EAAB036899C8E9B2F74A3B44 /* [CP] Embed Pods Frameworks */,
				75926DA7F53B93BF9C5440C0 /* [CP] Copy Pods Resources */,
			);
			buildRules = (
			);
			dependencies = (
			);
			name = Brews;
			productName = Brews;
			productReference = 92C60C731EC7B33400A3479C /* Brews.app */;
			productType = "com.apple.product-type.application";
		};
		92C60C861EC7B33400A3479C /* BrewsTests */ = {
			isa = PBXNativeTarget;
			buildConfigurationList = 92C60C9E1EC7B33400A3479C /* Build configuration list for PBXNativeTarget "BrewsTests" */;
			buildPhases = (
				746E10F0CCC8736C4363A094 /* [CP] Check Pods Manifest.lock */,
				92C60C831EC7B33400A3479C /* Sources */,
				92C60C841EC7B33400A3479C /* Frameworks */,
				92C60C851EC7B33400A3479C /* Resources */,
				106E52485E7C8CB5DE48FCD1 /* [CP] Embed Pods Frameworks */,
				7F1AEBDA282E728A4BE25341 /* [CP] Copy Pods Resources */,
			);
			buildRules = (
			);
			dependencies = (
				92C60C891EC7B33400A3479C /* PBXTargetDependency */,
			);
			name = BrewsTests;
			productName = BrewsTests;
			productReference = 92C60C871EC7B33400A3479C /* BrewsTests.xctest */;
			productType = "com.apple.product-type.bundle.unit-test";
		};
		92C60C911EC7B33400A3479C /* BrewsUITests */ = {
			isa = PBXNativeTarget;
			buildConfigurationList = 92C60CA11EC7B33400A3479C /* Build configuration list for PBXNativeTarget "BrewsUITests" */;
			buildPhases = (
				D0367EB728DC8299A569F76C /* [CP] Check Pods Manifest.lock */,
				92C60C8E1EC7B33400A3479C /* Sources */,
				92C60C8F1EC7B33400A3479C /* Frameworks */,
				92C60C901EC7B33400A3479C /* Resources */,
				9C128E1FB815AEB94B2BFBFC /* [CP] Embed Pods Frameworks */,
				4C549060214ED1C9AA53548B /* [CP] Copy Pods Resources */,
			);
			buildRules = (
			);
			dependencies = (
				92C60C941EC7B33400A3479C /* PBXTargetDependency */,
			);
			name = BrewsUITests;
			productName = BrewsUITests;
			productReference = 92C60C921EC7B33400A3479C /* BrewsUITests.xctest */;
			productType = "com.apple.product-type.bundle.ui-testing";
		};
/* End PBXNativeTarget section */

/* Begin PBXProject section */
		92C60C6B1EC7B33300A3479C /* Project object */ = {
			isa = PBXProject;
			attributes = {
				LastSwiftUpdateCheck = 0820;
				LastUpgradeCheck = 0820;
				ORGANIZATIONNAME = "Michael Doroff";
				TargetAttributes = {
					92C60C721EC7B33300A3479C = {
						CreatedOnToolsVersion = 8.2.1;
						DevelopmentTeam = C7H5VU6UVJ;
						LastSwiftMigration = 0820;
						ProvisioningStyle = Automatic;
						SystemCapabilities = {
							com.apple.Keychain = {
								enabled = 1;
							};
						};
					};
					92C60C861EC7B33400A3479C = {
						CreatedOnToolsVersion = 8.2.1;
						DevelopmentTeam = C7H5VU6UVJ;
						ProvisioningStyle = Automatic;
						TestTargetID = 92C60C721EC7B33300A3479C;
					};
					92C60C911EC7B33400A3479C = {
						CreatedOnToolsVersion = 8.2.1;
						DevelopmentTeam = C7H5VU6UVJ;
						ProvisioningStyle = Automatic;
						TestTargetID = 92C60C721EC7B33300A3479C;
					};
				};
			};
			buildConfigurationList = 92C60C6E1EC7B33300A3479C /* Build configuration list for PBXProject "Brews" */;
			compatibilityVersion = "Xcode 3.2";
			developmentRegion = English;
			hasScannedForEncodings = 0;
			knownRegions = (
				en,
				Base,
			);
			mainGroup = 92C60C6A1EC7B33300A3479C;
			productRefGroup = 92C60C741EC7B33400A3479C /* Products */;
			projectDirPath = "";
			projectRoot = "";
			targets = (
				92C60C721EC7B33300A3479C /* Brews */,
				92C60C861EC7B33400A3479C /* BrewsTests */,
				92C60C911EC7B33400A3479C /* BrewsUITests */,
			);
		};
/* End PBXProject section */

/* Begin PBXResourcesBuildPhase section */
		92C60C711EC7B33300A3479C /* Resources */ = {
			isa = PBXResourcesBuildPhase;
			buildActionMask = 2147483647;
			files = (
				92C60C811EC7B33400A3479C /* LaunchScreen.storyboard in Resources */,
				92A024C21ECAA44700BD3404 /* GoogleService-Info.plist in Resources */,
				92C60C7E1EC7B33400A3479C /* Assets.xcassets in Resources */,
				92C60C7C1EC7B33400A3479C /* Main.storyboard in Resources */,
			);
			runOnlyForDeploymentPostprocessing = 0;
		};
		92C60C851EC7B33400A3479C /* Resources */ = {
			isa = PBXResourcesBuildPhase;
			buildActionMask = 2147483647;
			files = (
			);
			runOnlyForDeploymentPostprocessing = 0;
		};
		92C60C901EC7B33400A3479C /* Resources */ = {
			isa = PBXResourcesBuildPhase;
			buildActionMask = 2147483647;
			files = (
			);
			runOnlyForDeploymentPostprocessing = 0;
		};
/* End PBXResourcesBuildPhase section */

/* Begin PBXShellScriptBuildPhase section */
		106E52485E7C8CB5DE48FCD1 /* [CP] Embed Pods Frameworks */ = {
			isa = PBXShellScriptBuildPhase;
			buildActionMask = 2147483647;
			files = (
			);
			inputPaths = (
			);
			name = "[CP] Embed Pods Frameworks";
			outputPaths = (
			);
			runOnlyForDeploymentPostprocessing = 0;
			shellPath = /bin/sh;
			shellScript = "\"${SRCROOT}/Pods/Target Support Files/Pods-BrewsTests/Pods-BrewsTests-frameworks.sh\"\n";
			showEnvVarsInLog = 0;
		};
		1EE2B1BC31040DEB9C8FEB4A /* [CP] Check Pods Manifest.lock */ = {
			isa = PBXShellScriptBuildPhase;
			buildActionMask = 2147483647;
			files = (
			);
			inputPaths = (
			);
			name = "[CP] Check Pods Manifest.lock";
			outputPaths = (
			);
			runOnlyForDeploymentPostprocessing = 0;
			shellPath = /bin/sh;
			shellScript = "diff \"${PODS_PODFILE_DIR_PATH}/Podfile.lock\" \"${PODS_ROOT}/Manifest.lock\" > /dev/null\nif [ $? != 0 ] ; then\n    # print error to STDERR\n    echo \"error: The sandbox is not in sync with the Podfile.lock. Run 'pod install' or update your CocoaPods installation.\" >&2\n    exit 1\nfi\n";
			showEnvVarsInLog = 0;
		};
		4C549060214ED1C9AA53548B /* [CP] Copy Pods Resources */ = {
			isa = PBXShellScriptBuildPhase;
			buildActionMask = 2147483647;
			files = (
			);
			inputPaths = (
			);
			name = "[CP] Copy Pods Resources";
			outputPaths = (
			);
			runOnlyForDeploymentPostprocessing = 0;
			shellPath = /bin/sh;
			shellScript = "\"${SRCROOT}/Pods/Target Support Files/Pods-BrewsUITests/Pods-BrewsUITests-resources.sh\"\n";
			showEnvVarsInLog = 0;
		};
		746E10F0CCC8736C4363A094 /* [CP] Check Pods Manifest.lock */ = {
			isa = PBXShellScriptBuildPhase;
			buildActionMask = 2147483647;
			files = (
			);
			inputPaths = (
			);
			name = "[CP] Check Pods Manifest.lock";
			outputPaths = (
			);
			runOnlyForDeploymentPostprocessing = 0;
			shellPath = /bin/sh;
			shellScript = "diff \"${PODS_PODFILE_DIR_PATH}/Podfile.lock\" \"${PODS_ROOT}/Manifest.lock\" > /dev/null\nif [ $? != 0 ] ; then\n    # print error to STDERR\n    echo \"error: The sandbox is not in sync with the Podfile.lock. Run 'pod install' or update your CocoaPods installation.\" >&2\n    exit 1\nfi\n";
			showEnvVarsInLog = 0;
		};
		75926DA7F53B93BF9C5440C0 /* [CP] Copy Pods Resources */ = {
			isa = PBXShellScriptBuildPhase;
			buildActionMask = 2147483647;
			files = (
			);
			inputPaths = (
			);
			name = "[CP] Copy Pods Resources";
			outputPaths = (
			);
			runOnlyForDeploymentPostprocessing = 0;
			shellPath = /bin/sh;
			shellScript = "\"${SRCROOT}/Pods/Target Support Files/Pods-Brews/Pods-Brews-resources.sh\"\n";
			showEnvVarsInLog = 0;
		};
		7F1AEBDA282E728A4BE25341 /* [CP] Copy Pods Resources */ = {
			isa = PBXShellScriptBuildPhase;
			buildActionMask = 2147483647;
			files = (
			);
			inputPaths = (
			);
			name = "[CP] Copy Pods Resources";
			outputPaths = (
			);
			runOnlyForDeploymentPostprocessing = 0;
			shellPath = /bin/sh;
			shellScript = "\"${SRCROOT}/Pods/Target Support Files/Pods-BrewsTests/Pods-BrewsTests-resources.sh\"\n";
			showEnvVarsInLog = 0;
		};
		9C128E1FB815AEB94B2BFBFC /* [CP] Embed Pods Frameworks */ = {
			isa = PBXShellScriptBuildPhase;
			buildActionMask = 2147483647;
			files = (
			);
			inputPaths = (
			);
			name = "[CP] Embed Pods Frameworks";
			outputPaths = (
			);
			runOnlyForDeploymentPostprocessing = 0;
			shellPath = /bin/sh;
			shellScript = "\"${SRCROOT}/Pods/Target Support Files/Pods-BrewsUITests/Pods-BrewsUITests-frameworks.sh\"\n";
			showEnvVarsInLog = 0;
		};
		D0367EB728DC8299A569F76C /* [CP] Check Pods Manifest.lock */ = {
			isa = PBXShellScriptBuildPhase;
			buildActionMask = 2147483647;
			files = (
			);
			inputPaths = (
			);
			name = "[CP] Check Pods Manifest.lock";
			outputPaths = (
			);
			runOnlyForDeploymentPostprocessing = 0;
			shellPath = /bin/sh;
			shellScript = "diff \"${PODS_PODFILE_DIR_PATH}/Podfile.lock\" \"${PODS_ROOT}/Manifest.lock\" > /dev/null\nif [ $? != 0 ] ; then\n    # print error to STDERR\n    echo \"error: The sandbox is not in sync with the Podfile.lock. Run 'pod install' or update your CocoaPods installation.\" >&2\n    exit 1\nfi\n";
			showEnvVarsInLog = 0;
		};
		EAAB036899C8E9B2F74A3B44 /* [CP] Embed Pods Frameworks */ = {
			isa = PBXShellScriptBuildPhase;
			buildActionMask = 2147483647;
			files = (
			);
			inputPaths = (
			);
			name = "[CP] Embed Pods Frameworks";
			outputPaths = (
			);
			runOnlyForDeploymentPostprocessing = 0;
			shellPath = /bin/sh;
			shellScript = "\"${SRCROOT}/Pods/Target Support Files/Pods-Brews/Pods-Brews-frameworks.sh\"\n";
			showEnvVarsInLog = 0;
		};
/* End PBXShellScriptBuildPhase section */

/* Begin PBXSourcesBuildPhase section */
		92C60C6F1EC7B33300A3479C /* Sources */ = {
			isa = PBXSourcesBuildPhase;
			buildActionMask = 2147483647;
			files = (
				92219B8F1ED9D12F001C3AC1 /* SearchViewController.swift in Sources */,
				92219B971ED9DDEB001C3AC1 /* BreweryDBClient.swift in Sources */,
				92C60C791EC7B33400A3479C /* LogInViewController.swift in Sources */,
				92219B911ED9D16C001C3AC1 /* FavoritesViewController.swift in Sources */,
				92A024731EC8B71500BD3404 /* LoginInViews.swift in Sources */,
				922672301ED51E0100E404E9 /* NavigationController.swift in Sources */,
				92C60C771EC7B33400A3479C /* AppDelegate.swift in Sources */,
				92A024C41ECE876C00BD3404 /* TabBarViewController.swift in Sources */,
				92219B931ED9D1AC001C3AC1 /* RandomBeerViewController.swift in Sources */,
			);
			runOnlyForDeploymentPostprocessing = 0;
		};
		92C60C831EC7B33400A3479C /* Sources */ = {
			isa = PBXSourcesBuildPhase;
			buildActionMask = 2147483647;
			files = (
				92C60C8C1EC7B33400A3479C /* BrewsTests.swift in Sources */,
			);
			runOnlyForDeploymentPostprocessing = 0;
		};
		92C60C8E1EC7B33400A3479C /* Sources */ = {
			isa = PBXSourcesBuildPhase;
			buildActionMask = 2147483647;
			files = (
				92C60C971EC7B33400A3479C /* BrewsUITests.swift in Sources */,
			);
			runOnlyForDeploymentPostprocessing = 0;
		};
/* End PBXSourcesBuildPhase section */

/* Begin PBXTargetDependency section */
		92C60C891EC7B33400A3479C /* PBXTargetDependency */ = {
			isa = PBXTargetDependency;
			target = 92C60C721EC7B33300A3479C /* Brews */;
			targetProxy = 92C60C881EC7B33400A3479C /* PBXContainerItemProxy */;
		};
		92C60C941EC7B33400A3479C /* PBXTargetDependency */ = {
			isa = PBXTargetDependency;
			target = 92C60C721EC7B33300A3479C /* Brews */;
			targetProxy = 92C60C931EC7B33400A3479C /* PBXContainerItemProxy */;
		};
/* End PBXTargetDependency section */

/* Begin PBXVariantGroup section */
		92C60C7A1EC7B33400A3479C /* Main.storyboard */ = {
			isa = PBXVariantGroup;
			children = (
				92C60C7B1EC7B33400A3479C /* Base */,
			);
			name = Main.storyboard;
			sourceTree = "<group>";
		};
		92C60C7F1EC7B33400A3479C /* LaunchScreen.storyboard */ = {
			isa = PBXVariantGroup;
			children = (
				92C60C801EC7B33400A3479C /* Base */,
			);
			name = LaunchScreen.storyboard;
			sourceTree = "<group>";
		};
/* End PBXVariantGroup section */

/* Begin XCBuildConfiguration section */
		92C60C991EC7B33400A3479C /* Debug */ = {
			isa = XCBuildConfiguration;
			buildSettings = {
				ALWAYS_SEARCH_USER_PATHS = NO;
				CLANG_ANALYZER_NONNULL = YES;
				CLANG_CXX_LANGUAGE_STANDARD = "gnu++0x";
				CLANG_CXX_LIBRARY = "libc++";
				CLANG_ENABLE_MODULES = YES;
				CLANG_ENABLE_OBJC_ARC = YES;
				CLANG_WARN_BOOL_CONVERSION = YES;
				CLANG_WARN_CONSTANT_CONVERSION = YES;
				CLANG_WARN_DIRECT_OBJC_ISA_USAGE = YES_ERROR;
				CLANG_WARN_DOCUMENTATION_COMMENTS = YES;
				CLANG_WARN_EMPTY_BODY = YES;
				CLANG_WARN_ENUM_CONVERSION = YES;
				CLANG_WARN_INFINITE_RECURSION = YES;
				CLANG_WARN_INT_CONVERSION = YES;
				CLANG_WARN_OBJC_ROOT_CLASS = YES_ERROR;
				CLANG_WARN_SUSPICIOUS_MOVE = YES;
				CLANG_WARN_UNREACHABLE_CODE = YES;
				CLANG_WARN__DUPLICATE_METHOD_MATCH = YES;
				"CODE_SIGN_IDENTITY[sdk=iphoneos*]" = "iPhone Developer";
				COPY_PHASE_STRIP = NO;
				DEBUG_INFORMATION_FORMAT = dwarf;
				ENABLE_STRICT_OBJC_MSGSEND = YES;
				ENABLE_TESTABILITY = YES;
				GCC_C_LANGUAGE_STANDARD = gnu99;
				GCC_DYNAMIC_NO_PIC = NO;
				GCC_NO_COMMON_BLOCKS = YES;
				GCC_OPTIMIZATION_LEVEL = 0;
				GCC_PREPROCESSOR_DEFINITIONS = (
					"DEBUG=1",
					"$(inherited)",
				);
				GCC_WARN_64_TO_32_BIT_CONVERSION = YES;
				GCC_WARN_ABOUT_RETURN_TYPE = YES_ERROR;
				GCC_WARN_UNDECLARED_SELECTOR = YES;
				GCC_WARN_UNINITIALIZED_AUTOS = YES_AGGRESSIVE;
				GCC_WARN_UNUSED_FUNCTION = YES;
				GCC_WARN_UNUSED_VARIABLE = YES;
				IPHONEOS_DEPLOYMENT_TARGET = 10.2;
				MTL_ENABLE_DEBUG_INFO = YES;
				ONLY_ACTIVE_ARCH = YES;
				SDKROOT = iphoneos;
				SWIFT_ACTIVE_COMPILATION_CONDITIONS = DEBUG;
				SWIFT_OPTIMIZATION_LEVEL = "-Onone";
			};
			name = Debug;
		};
		92C60C9A1EC7B33400A3479C /* Release */ = {
			isa = XCBuildConfiguration;
			buildSettings = {
				ALWAYS_SEARCH_USER_PATHS = NO;
				CLANG_ANALYZER_NONNULL = YES;
				CLANG_CXX_LANGUAGE_STANDARD = "gnu++0x";
				CLANG_CXX_LIBRARY = "libc++";
				CLANG_ENABLE_MODULES = YES;
				CLANG_ENABLE_OBJC_ARC = YES;
				CLANG_WARN_BOOL_CONVERSION = YES;
				CLANG_WARN_CONSTANT_CONVERSION = YES;
				CLANG_WARN_DIRECT_OBJC_ISA_USAGE = YES_ERROR;
				CLANG_WARN_DOCUMENTATION_COMMENTS = YES;
				CLANG_WARN_EMPTY_BODY = YES;
				CLANG_WARN_ENUM_CONVERSION = YES;
				CLANG_WARN_INFINITE_RECURSION = YES;
				CLANG_WARN_INT_CONVERSION = YES;
				CLANG_WARN_OBJC_ROOT_CLASS = YES_ERROR;
				CLANG_WARN_SUSPICIOUS_MOVE = YES;
				CLANG_WARN_UNREACHABLE_CODE = YES;
				CLANG_WARN__DUPLICATE_METHOD_MATCH = YES;
				"CODE_SIGN_IDENTITY[sdk=iphoneos*]" = "iPhone Developer";
				COPY_PHASE_STRIP = NO;
				DEBUG_INFORMATION_FORMAT = "dwarf-with-dsym";
				ENABLE_NS_ASSERTIONS = NO;
				ENABLE_STRICT_OBJC_MSGSEND = YES;
				GCC_C_LANGUAGE_STANDARD = gnu99;
				GCC_NO_COMMON_BLOCKS = YES;
				GCC_WARN_64_TO_32_BIT_CONVERSION = YES;
				GCC_WARN_ABOUT_RETURN_TYPE = YES_ERROR;
				GCC_WARN_UNDECLARED_SELECTOR = YES;
				GCC_WARN_UNINITIALIZED_AUTOS = YES_AGGRESSIVE;
				GCC_WARN_UNUSED_FUNCTION = YES;
				GCC_WARN_UNUSED_VARIABLE = YES;
				IPHONEOS_DEPLOYMENT_TARGET = 10.2;
				MTL_ENABLE_DEBUG_INFO = NO;
				SDKROOT = iphoneos;
				SWIFT_OPTIMIZATION_LEVEL = "-Owholemodule";
				VALIDATE_PRODUCT = YES;
			};
			name = Release;
		};
		92C60C9C1EC7B33400A3479C /* Debug */ = {
			isa = XCBuildConfiguration;
			baseConfigurationReference = 8A143BABF8779AE2CEA338D2 /* Pods-Brews.debug.xcconfig */;
			buildSettings = {
				ASSETCATALOG_COMPILER_APPICON_NAME = AppIcon;
				CLANG_ENABLE_MODULES = YES;
				CODE_SIGN_ENTITLEMENTS = Brews/Brews.entitlements;
				DEVELOPMENT_TEAM = C7H5VU6UVJ;
				FRAMEWORK_SEARCH_PATHS = (
					"$(inherited)",
					"$(PROJECT_DIR)/Brews",
				);
				"FRAMEWORK_SEARCH_PATHS[arch=*]" = (
					"$(inherited)",
					"$(PROJECT_DIR)/Brews",
				);
				INFOPLIST_FILE = Brews/Info.plist;
				LD_RUNPATH_SEARCH_PATHS = "$(inherited) @executable_path/Frameworks";
				PRODUCT_BUNDLE_IDENTIFIER = FLEC.Brews;
				PRODUCT_NAME = "$(TARGET_NAME)";
				SWIFT_OBJC_BRIDGING_HEADER = "Brews-Bridging-Header.h";
				SWIFT_OPTIMIZATION_LEVEL = "-Onone";
				SWIFT_VERSION = 3.0;
				TARGETED_DEVICE_FAMILY = 1;
			};
			name = Debug;
		};
		92C60C9D1EC7B33400A3479C /* Release */ = {
			isa = XCBuildConfiguration;
			baseConfigurationReference = E4595CA063544C07EA79406A /* Pods-Brews.release.xcconfig */;
			buildSettings = {
				ASSETCATALOG_COMPILER_APPICON_NAME = AppIcon;
				CLANG_ENABLE_MODULES = YES;
				CODE_SIGN_ENTITLEMENTS = Brews/Brews.entitlements;
				DEVELOPMENT_TEAM = C7H5VU6UVJ;
				FRAMEWORK_SEARCH_PATHS = (
					"$(inherited)",
					"$(PROJECT_DIR)/Brews",
				);
				"FRAMEWORK_SEARCH_PATHS[arch=*]" = (
					"$(inherited)",
					"$(PROJECT_DIR)/Brews",
				);
				INFOPLIST_FILE = Brews/Info.plist;
				LD_RUNPATH_SEARCH_PATHS = "$(inherited) @executable_path/Frameworks";
				PRODUCT_BUNDLE_IDENTIFIER = FLEC.Brews;
				PRODUCT_NAME = "$(TARGET_NAME)";
				SWIFT_OBJC_BRIDGING_HEADER = "Brews-Bridging-Header.h";
				SWIFT_VERSION = 3.0;
				TARGETED_DEVICE_FAMILY = 1;
			};
			name = Release;
		};
		92C60C9F1EC7B33400A3479C /* Debug */ = {
			isa = XCBuildConfiguration;
			baseConfigurationReference = A16C28761443C897AA8F6B95 /* Pods-BrewsTests.debug.xcconfig */;
			buildSettings = {
				ALWAYS_EMBED_SWIFT_STANDARD_LIBRARIES = YES;
				BUNDLE_LOADER = "$(TEST_HOST)";
				DEVELOPMENT_TEAM = C7H5VU6UVJ;
				INFOPLIST_FILE = BrewsTests/Info.plist;
				LD_RUNPATH_SEARCH_PATHS = "$(inherited) @executable_path/Frameworks @loader_path/Frameworks";
				PRODUCT_BUNDLE_IDENTIFIER = FLEC.BrewsTests;
				PRODUCT_NAME = "$(TARGET_NAME)";
				SWIFT_VERSION = 3.0;
				TEST_HOST = "$(BUILT_PRODUCTS_DIR)/Brews.app/Brews";
			};
			name = Debug;
		};
		92C60CA01EC7B33400A3479C /* Release */ = {
			isa = XCBuildConfiguration;
			baseConfigurationReference = E75F0FF5D31C8B0838596A34 /* Pods-BrewsTests.release.xcconfig */;
			buildSettings = {
				ALWAYS_EMBED_SWIFT_STANDARD_LIBRARIES = YES;
				BUNDLE_LOADER = "$(TEST_HOST)";
				DEVELOPMENT_TEAM = C7H5VU6UVJ;
				INFOPLIST_FILE = BrewsTests/Info.plist;
				LD_RUNPATH_SEARCH_PATHS = "$(inherited) @executable_path/Frameworks @loader_path/Frameworks";
				PRODUCT_BUNDLE_IDENTIFIER = FLEC.BrewsTests;
				PRODUCT_NAME = "$(TARGET_NAME)";
				SWIFT_VERSION = 3.0;
				TEST_HOST = "$(BUILT_PRODUCTS_DIR)/Brews.app/Brews";
			};
			name = Release;
		};
		92C60CA21EC7B33400A3479C /* Debug */ = {
			isa = XCBuildConfiguration;
			baseConfigurationReference = 8D15A0249867D439B9C949EC /* Pods-BrewsUITests.debug.xcconfig */;
			buildSettings = {
				ALWAYS_EMBED_SWIFT_STANDARD_LIBRARIES = YES;
				DEVELOPMENT_TEAM = C7H5VU6UVJ;
				INFOPLIST_FILE = BrewsUITests/Info.plist;
				LD_RUNPATH_SEARCH_PATHS = "$(inherited) @executable_path/Frameworks @loader_path/Frameworks";
				PRODUCT_BUNDLE_IDENTIFIER = FLEC.BrewsUITests;
				PRODUCT_NAME = "$(TARGET_NAME)";
				SWIFT_VERSION = 3.0;
				TEST_TARGET_NAME = Brews;
			};
			name = Debug;
		};
		92C60CA31EC7B33400A3479C /* Release */ = {
			isa = XCBuildConfiguration;
			baseConfigurationReference = D0874D30CC0EED2B7C7BF466 /* Pods-BrewsUITests.release.xcconfig */;
			buildSettings = {
				ALWAYS_EMBED_SWIFT_STANDARD_LIBRARIES = YES;
				DEVELOPMENT_TEAM = C7H5VU6UVJ;
				INFOPLIST_FILE = BrewsUITests/Info.plist;
				LD_RUNPATH_SEARCH_PATHS = "$(inherited) @executable_path/Frameworks @loader_path/Frameworks";
				PRODUCT_BUNDLE_IDENTIFIER = FLEC.BrewsUITests;
				PRODUCT_NAME = "$(TARGET_NAME)";
				SWIFT_VERSION = 3.0;
				TEST_TARGET_NAME = Brews;
			};
			name = Release;
		};
/* End XCBuildConfiguration section */

/* Begin XCConfigurationList section */
		92C60C6E1EC7B33300A3479C /* Build configuration list for PBXProject "Brews" */ = {
			isa = XCConfigurationList;
			buildConfigurations = (
				92C60C991EC7B33400A3479C /* Debug */,
				92C60C9A1EC7B33400A3479C /* Release */,
			);
			defaultConfigurationIsVisible = 0;
			defaultConfigurationName = Release;
		};
		92C60C9B1EC7B33400A3479C /* Build configuration list for PBXNativeTarget "Brews" */ = {
			isa = XCConfigurationList;
			buildConfigurations = (
				92C60C9C1EC7B33400A3479C /* Debug */,
				92C60C9D1EC7B33400A3479C /* Release */,
			);
			defaultConfigurationIsVisible = 0;
			defaultConfigurationName = Release;
		};
		92C60C9E1EC7B33400A3479C /* Build configuration list for PBXNativeTarget "BrewsTests" */ = {
			isa = XCConfigurationList;
			buildConfigurations = (
				92C60C9F1EC7B33400A3479C /* Debug */,
				92C60CA01EC7B33400A3479C /* Release */,
			);
			defaultConfigurationIsVisible = 0;
			defaultConfigurationName = Release;
		};
		92C60CA11EC7B33400A3479C /* Build configuration list for PBXNativeTarget "BrewsUITests" */ = {
			isa = XCConfigurationList;
			buildConfigurations = (
				92C60CA21EC7B33400A3479C /* Debug */,
				92C60CA31EC7B33400A3479C /* Release */,
			);
			defaultConfigurationIsVisible = 0;
			defaultConfigurationName = Release;
		};
/* End XCConfigurationList section */
	};
	rootObject = 92C60C6B1EC7B33300A3479C /* Project object */;
}
